// !$*UTF8*$!
{
	archiveVersion = 1;
	classes = {
	};
	objectVersion = 48;
	objects = {

/* Begin PBXBuildFile section */
		676D0FC41F75143200A3830A /* Color&Font.swift in Sources */ = {isa = PBXBuildFile; fileRef = 676D0FC31F75143200A3830A /* Color&Font.swift */; };
		67C3F35F1F751313000455AC /* AppDelegate.swift in Sources */ = {isa = PBXBuildFile; fileRef = 67C3F35E1F751313000455AC /* AppDelegate.swift */; };
		67C3F3611F751313000455AC /* ViewController.swift in Sources */ = {isa = PBXBuildFile; fileRef = 67C3F3601F751313000455AC /* ViewController.swift */; };
		67C3F3641F751313000455AC /* Main.storyboard in Resources */ = {isa = PBXBuildFile; fileRef = 67C3F3621F751313000455AC /* Main.storyboard */; };
		67C3F3661F751313000455AC /* Assets.xcassets in Resources */ = {isa = PBXBuildFile; fileRef = 67C3F3651F751313000455AC /* Assets.xcassets */; };
		67C3F3691F751313000455AC /* LaunchScreen.storyboard in Resources */ = {isa = PBXBuildFile; fileRef = 67C3F3671F751313000455AC /* LaunchScreen.storyboard */; };
/* End PBXBuildFile section */

/* Begin PBXFileReference section */
		676D0FC31F75143200A3830A /* Color&Font.swift */ = {isa = PBXFileReference; lastKnownFileType = sourcecode.swift; path = "Color&Font.swift"; sourceTree = "<group>"; };
		67C3F35B1F751313000455AC /* PingPangFont.app */ = {isa = PBXFileReference; explicitFileType = wrapper.application; includeInIndex = 0; path = PingPangFont.app; sourceTree = BUILT_PRODUCTS_DIR; };
		67C3F35E1F751313000455AC /* AppDelegate.swift */ = {isa = PBXFileReference; lastKnownFileType = sourcecode.swift; path = AppDelegate.swift; sourceTree = "<group>"; };
		67C3F3601F751313000455AC /* ViewController.swift */ = {isa = PBXFileReference; lastKnownFileType = sourcecode.swift; path = ViewController.swift; sourceTree = "<group>"; };
		67C3F3631F751313000455AC /* Base */ = {isa = PBXFileReference; lastKnownFileType = file.storyboard; name = Base; path = Base.lproj/Main.storyboard; sourceTree = "<group>"; };
		67C3F3651F751313000455AC /* Assets.xcassets */ = {isa = PBXFileReference; lastKnownFileType = folder.assetcatalog; path = Assets.xcassets; sourceTree = "<group>"; };
		67C3F3681F751313000455AC /* Base */ = {isa = PBXFileReference; lastKnownFileType = file.storyboard; name = Base; path = Base.lproj/LaunchScreen.storyboard; sourceTree = "<group>"; };
		67C3F36A1F751313000455AC /* Info.plist */ = {isa = PBXFileReference; lastKnownFileType = text.plist.xml; path = Info.plist; sourceTree = "<group>"; };
/* End PBXFileReference section */

/* Begin PBXFrameworksBuildPhase section */
		67C3F3581F751313000455AC /* Frameworks */ = {
			isa = PBXFrameworksBuildPhase;
			buildActionMask = 2147483647;
			files = (
			);
			runOnlyForDeploymentPostprocessing = 0;
		};
/* End PBXFrameworksBuildPhase section */

/* Begin PBXGroup section */
		67C3F3521F751313000455AC = {
			isa = PBXGroup;
			children = (
				67C3F35D1F751313000455AC /* PingPangFont */,
				67C3F35C1F751313000455AC /* Products */,
			);
			sourceTree = "<group>";
		};
		67C3F35C1F751313000455AC /* Products */ = {
			isa = PBXGroup;
			children = (
				67C3F35B1F751313000455AC /* PingPangFont.app */,
			);
			name = Products;
			sourceTree = "<group>";
		};
		67C3F35D1F751313000455AC /* PingPangFont */ = {
			isa = PBXGroup;
			children = (
				67C3F35E1F751313000455AC /* AppDelegate.swift */,
				67C3F3601F751313000455AC /* ViewController.swift */,
				676D0FC31F75143200A3830A /* Color&Font.swift */,
				67C3F3621F751313000455AC /* Main.storyboard */,
				67C3F3651F751313000455AC /* Assets.xcassets */,
				67C3F3671F751313000455AC /* LaunchScreen.storyboard */,
				67C3F36A1F751313000455AC /* Info.plist */,
			);
			path = PingPangFont;
			sourceTree = "<group>";
		};
/* End PBXGroup section */

/* Begin PBXNativeTarget section */
		67C3F35A1F751313000455AC /* PingPangFont */ = {
			isa = PBXNativeTarget;
			buildConfigurationList = 67C3F36D1F751313000455AC /* Build configuration list for PBXNativeTarget "PingPangFont" */;
			buildPhases = (
				67C3F3571F751313000455AC /* Sources */,
				67C3F3581F751313000455AC /* Frameworks */,
				67C3F3591F751313000455AC /* Resources */,
			);
			buildRules = (
			);
			dependencies = (
			);
			name = PingPangFont;
			productName = PingPangFont;
			productReference = 67C3F35B1F751313000455AC /* PingPangFont.app */;
			productType = "com.apple.product-type.application";
		};
/* End PBXNativeTarget section */

/* Begin PBXProject section */
		67C3F3531F751313000455AC /* Project object */ = {
			isa = PBXProject;
			attributes = {
				LastSwiftUpdateCheck = 0900;
				LastUpgradeCheck = 0900;
				ORGANIZATIONNAME = moelove;
				TargetAttributes = {
					67C3F35A1F751313000455AC = {
						CreatedOnToolsVersion = 9.0;
						ProvisioningStyle = Automatic;
					};
				};
			};
			buildConfigurationList = 67C3F3561F751313000455AC /* Build configuration list for PBXProject "PingPangFont" */;
			compatibilityVersion = "Xcode 8.0";
			developmentRegion = en;
			hasScannedForEncodings = 0;
			knownRegions = (
				en,
				Base,
			);
			mainGroup = 67C3F3521F751313000455AC;
			productRefGroup = 67C3F35C1F751313000455AC /* Products */;
			projectDirPath = "";
			projectRoot = "";
			targets = (
				67C3F35A1F751313000455AC /* PingPangFont */,
			);
		};
/* End PBXProject section */

/* Begin PBXResourcesBuildPhase section */
		67C3F3591F751313000455AC /* Resources */ = {
			isa = PBXResourcesBuildPhase;
			buildActionMask = 2147483647;
			files = (
				67C3F3691F751313000455AC /* LaunchScreen.storyboard in Resources */,
				67C3F3661F751313000455AC /* Assets.xcassets in Resources */,
				67C3F3641F751313000455AC /* Main.storyboard in Resources */,
			);
			runOnlyForDeploymentPostprocessing = 0;
		};
/* End PBXResourcesBuildPhase section */

/* Begin PBXSourcesBuildPhase section */
		67C3F3571F751313000455AC /* Sources */ = {
			isa = PBXSourcesBuildPhase;
			buildActionMask = 2147483647;
			files = (
				67C3F3611F751313000455AC /* ViewController.swift in Sources */,
				67C3F35F1F751313000455AC /* AppDelegate.swift in Sources */,
				676D0FC41F75143200A3830A /* Color&Font.swift in Sources */,
			);
			runOnlyForDeploymentPostprocessing = 0;
		};
/* End PBXSourcesBuildPhase section */

/* Begin PBXVariantGroup section */
		67C3F3621F751313000455AC /* Main.storyboard */ = {
			isa = PBXVariantGroup;
			children = (
				67C3F3631F751313000455AC /* Base */,
			);
			name = Main.storyboard;
			sourceTree = "<group>";
		};
		67C3F3671F751313000455AC /* LaunchScreen.storyboard */ = {
			isa = PBXVariantGroup;
			children = (
				67C3F3681F751313000455AC /* Base */,
			);
			name = LaunchScreen.storyboard;
			sourceTree = "<group>";
		};
/* End PBXVariantGroup section */

/* Begin XCBuildConfiguration section */
		67C3F36B1F751313000455AC /* Debug */ = {
			isa = XCBuildConfiguration;
			buildSettings = {
				ALWAYS_SEARCH_USER_PATHS = NO;
				CLANG_ANALYZER_NONNULL = YES;
				CLANG_ANALYZER_NUMBER_OBJECT_CONVERSION = YES_AGGRESSIVE;
				CLANG_CXX_LANGUAGE_STANDARD = "gnu++14";
				CLANG_CXX_LIBRARY = "libc++";
				CLANG_ENABLE_MODULES = YES;
				CLANG_ENABLE_OBJC_ARC = YES;
				CLANG_WARN_BLOCK_CAPTURE_AUTORELEASING = YES;
				CLANG_WARN_BOOL_CONVERSION = YES;
				CLANG_WARN_COMMA = YES;
				CLANG_WARN_CONSTANT_CONVERSION = YES;
				CLANG_WARN_DIRECT_OBJC_ISA_USAGE = YES_ERROR;
				CLANG_WARN_DOCUMENTATION_COMMENTS = YES;
				CLANG_WARN_EMPTY_BODY = YES;
				CLANG_WARN_ENUM_CONVERSION = YES;
				CLANG_WARN_INFINITE_RECURSION = YES;
				CLANG_WARN_INT_CONVERSION = YES;
				CLANG_WARN_NON_LITERAL_NULL_CONVERSION = YES;
				CLANG_WARN_OBJC_LITERAL_CONVERSION = YES;
				CLANG_WARN_OBJC_ROOT_CLASS = YES_ERROR;
				CLANG_WARN_RANGE_LOOP_ANALYSIS = YES;
				CLANG_WARN_STRICT_PROTOTYPES = YES;
				CLANG_WARN_SUSPICIOUS_MOVE = YES;
				CLANG_WARN_UNGUARDED_AVAILABILITY = YES_AGGRESSIVE;
				CLANG_WARN_UNREACHABLE_CODE = YES;
				CLANG_WARN__DUPLICATE_METHOD_MATCH = YES;
				CODE_SIGN_IDENTITY = "iPhone Developer";
				COPY_PHASE_STRIP = NO;
				DEBUG_INFORMATION_FORMAT = dwarf;
				ENABLE_STRICT_OBJC_MSGSEND = YES;
				ENABLE_TESTABILITY = YES;
				GCC_C_LANGUAGE_STANDARD = gnu11;
				GCC_DYNAMIC_NO_PIC = NO;
				GCC_NO_COMMON_BLOCKS = YES;
				GCC_OPTIMIZATION_LEVEL = 0;
				GCC_PREPROCESSOR_DEFINITIONS = (
					"DEBUG=1",
					"$(inherited)",
				);
				GCC_WARN_64_TO_32_BIT_CONVERSION = YES;
				GCC_WARN_ABOUT_RETURN_TYPE = YES_ERROR;
				GCC_WARN_UNDECLARED_SELECTOR = YES;
				GCC_WARN_UNINITIALIZED_AUTOS = YES_AGGRESSIVE;
				GCC_WARN_UNUSED_FUNCTION = YES;
				GCC_WARN_UNUSED_VARIABLE = YES;
				IPHONEOS_DEPLOYMENT_TARGET = 11.0;
				MTL_ENABLE_DEBUG_INFO = YES;
				ONLY_ACTIVE_ARCH = YES;
				SDKROOT = iphoneos;
				SWIFT_ACTIVE_COMPILATION_CONDITIONS = DEBUG;
				SWIFT_OPTIMIZATION_LEVEL = "-Onone";
			};
			name = Debug;
		};
		67C3F36C1F751313000455AC /* Release */ = {
			isa = XCBuildConfiguration;
			buildSettings = {
				ALWAYS_SEARCH_USER_PATHS = NO;
				CLANG_ANALYZER_NONNULL = YES;
				CLANG_ANALYZER_NUMBER_OBJECT_CONVERSION = YES_AGGRESSIVE;
				CLANG_CXX_LANGUAGE_STANDARD = "gnu++14";
				CLANG_CXX_LIBRARY = "libc++";
				CLANG_ENABLE_MODULES = YES;
				CLANG_ENABLE_OBJC_ARC = YES;
				CLANG_WARN_BLOCK_CAPTURE_AUTORELEASING = YES;
				CLANG_WARN_BOOL_CONVERSION = YES;
				CLANG_WARN_COMMA = YES;
				CLANG_WARN_CONSTANT_CONVERSION = YES;
				CLANG_WARN_DIRECT_OBJC_ISA_USAGE = YES_ERROR;
				CLANG_WARN_DOCUMENTATION_COMMENTS = YES;
				CLANG_WARN_EMPTY_BODY = YES;
				CLANG_WARN_ENUM_CONVERSION = YES;
				CLANG_WARN_INFINITE_RECURSION = YES;
				CLANG_WARN_INT_CONVERSION = YES;
				CLANG_WARN_NON_LITERAL_NULL_CONVERSION = YES;
				CLANG_WARN_OBJC_LITERAL_CONVERSION = YES;
				CLANG_WARN_OBJC_ROOT_CLASS = YES_ERROR;
				CLANG_WARN_RANGE_LOOP_ANALYSIS = YES;
				CLANG_WARN_STRICT_PROTOTYPES = YES;
				CLANG_WARN_SUSPICIOUS_MOVE = YES;
				CLANG_WARN_UNGUARDED_AVAILABILITY = YES_AGGRESSIVE;
				CLANG_WARN_UNREACHABLE_CODE = YES;
				CLANG_WARN__DUPLICATE_METHOD_MATCH = YES;
				CODE_SIGN_IDENTITY = "iPhone Developer";
				COPY_PHASE_STRIP = NO;
				DEBUG_INFORMATION_FORMAT = "dwarf-with-dsym";
				ENABLE_NS_ASSERTIONS = NO;
				ENABLE_STRICT_OBJC_MSGSEND = YES;
				GCC_C_LANGUAGE_STANDARD = gnu11;
				GCC_NO_COMMON_BLOCKS = YES;
				GCC_WARN_64_TO_32_BIT_CONVERSION = YES;
				GCC_WARN_ABOUT_RETURN_TYPE = YES_ERROR;
				GCC_WARN_UNDECLARED_SELECTOR = YES;
				GCC_WARN_UNINITIALIZED_AUTOS = YES_AGGRESSIVE;
				GCC_WARN_UNUSED_FUNCTION = YES;
				GCC_WARN_UNUSED_VARIABLE = YES;
				IPHONEOS_DEPLOYMENT_TARGET = 11.0;
				MTL_ENABLE_DEBUG_INFO = NO;
				SDKROOT = iphoneos;
				SWIFT_OPTIMIZATION_LEVEL = "-Owholemodule";
				VALIDATE_PRODUCT = YES;
			};
			name = Release;
		};
		67C3F36E1F751313000455AC /* Debug */ = {
			isa = XCBuildConfiguration;
			buildSettings = {
				ASSETCATALOG_COMPILER_APPICON_NAME = AppIcon;
				CODE_SIGN_STYLE = Automatic;
				DEVELOPMENT_TEAM = V5NZ3R8346;
				INFOPLIST_FILE = PingPangFont/Info.plist;
				LD_RUNPATH_SEARCH_PATHS = "$(inherited) @executable_path/Frameworks";
				PRODUCT_BUNDLE_IDENTIFIER = com.moelove.PingPangFont;
				PRODUCT_NAME = "$(TARGET_NAME)";
				SWIFT_VERSION = 4.0;
				TARGETED_DEVICE_FAMILY = "1,2";
			};
			name = Debug;
		};
		67C3F36F1F751313000455AC /* Release */ = {
			isa = XCBuildConfiguration;
			buildSettings = {
				ASSETCATALOG_COMPILER_APPICON_NAME = AppIcon;
				CODE_SIGN_STYLE = Automatic;
				DEVELOPMENT_TEAM = V5NZ3R8346;
				INFOPLIST_FILE = PingPangFont/Info.plist;
				LD_RUNPATH_SEARCH_PATHS = "$(inherited) @executable_path/Frameworks";
				PRODUCT_BUNDLE_IDENTIFIER = com.moelove.PingPangFont;
				PRODUCT_NAME = "$(TARGET_NAME)";
				SWIFT_VERSION = 4.0;
				TARGETED_DEVICE_FAMILY = "1,2";
			};
			name = Release;
		};
/* End XCBuildConfiguration section */

/* Begin XCConfigurationList section */
		67C3F3561F751313000455AC /* Build configuration list for PBXProject "PingPangFont" */ = {
			isa = XCConfigurationList;
			buildConfigurations = (
				67C3F36B1F751313000455AC /* Debug */,
				67C3F36C1F751313000455AC /* Release */,
			);
			defaultConfigurationIsVisible = 0;
			defaultConfigurationName = Release;
		};
		67C3F36D1F751313000455AC /* Build configuration list for PBXNativeTarget "PingPangFont" */ = {
			isa = XCConfigurationList;
			buildConfigurations = (
				67C3F36E1F751313000455AC /* Debug */,
				67C3F36F1F751313000455AC /* Release */,
			);
			defaultConfigurationIsVisible = 0;
			defaultConfigurationName = Release;
		};
/* End XCConfigurationList section */
	};
	rootObject = 67C3F3531F751313000455AC /* Project object */;
}
